# THIS IS AN AUTOGENERATED FILE. DO NOT EDIT THIS FILE DIRECTLY.
# yarn lockfile v1


bulma-block-list@^0.3.0:
  version "0.3.0"
  resolved "https://registry.yarnpkg.com/bulma-block-list/-/bulma-block-list-0.3.0.tgz#0529f134cc7113c869ad35795d295feb2f2003a6"
  integrity sha512-LGE36PYy6IZustZwfASmKbQom+s9a16coY3GzDFdq1uEFja5Qj31vZqDwuwMNU+IXGYG3kvR2ZfoRX/7Xc+fZw==
  dependencies:
    bulma "^0.8.0"

bulma@^0.8.0, bulma@^0.8.2:
  version "0.8.2"
  resolved "https://registry.yarnpkg.com/bulma/-/bulma-0.8.2.tgz#5d928f16ed4a84549c2873f95c92c38c69c631a7"
  integrity sha512-vMM/ijYSxX+Sm+nD7Lmc1UgWDy2JcL2nTKqwgEqXuOMU+IGALbXd5MLt/BcjBAPLIx36TtzhzBcSnOP974gcqA==
